
Microsoft Visual Studio Solution File, Format Version 12.00
# Visual Studio Version 17
VisualStudioVersion = 17.10.35027.167
MinimumVisualStudioVersion = 10.0.40219.1
Project("{FAE04EC0-301F-11D3-BF4B-00C04F79EFBC}") = "CuatroNotBot", "CuatroNotBot\CuatroNotBot.csproj", "{6ACF65DE-A29A-49BC-BAD3-F387F6FD921E}"
EndProject
Global
	GlobalSection(SolutionConfigurationPlatforms) = preSolution
		Debug|Any CPU = Debug|Any CPU
		Release|Any CPU = Release|Any CPU
	EndGlobalSection
	GlobalSection(ProjectConfigurationPlatforms) = postSolution
		{6ACF65DE-A29A-49BC-BAD3-F387F6FD921E}.Debug|Any CPU.ActiveCfg = Debug|Any CPU
		{6ACF65DE-A29A-49BC-BAD3-F387F6FD921E}.Debug|Any CPU.Build.0 = Debug|Any CPU
		{6ACF65DE-A29A-49BC-BAD3-F387F6FD921E}.Release|Any CPU.ActiveCfg = Release|Any CPU
		{6ACF65DE-A29A-49BC-BAD3-F387F6FD921E}.Release|Any CPU.Build.0 = Release|Any CPU
	EndGlobalSection
	GlobalSection(SolutionProperties) = preSolution
		HideSolutionNode = FALSE
	EndGlobalSection
	GlobalSection(ExtensibilityGlobals) = postSolution
		SolutionGuid = {F4B35256-FDB8-4299-B8A7-68E80C7B0482}
	EndGlobalSection
EndGlobal
